{
  "name": "ajs1",
  "version": "1.0.0",
  "lockfileVersion": 1,
  "requires": true,
  "dependencies": {
    "@nataliya2020/ajs": {
      "version": "1.0.0",
      "resolved": "https://npm.pkg.github.com/download/@nataliya2020/ajs/1.0.0/f58183a79fe631e0f88cfc8c93570d597323ae60baf4cb47c689dfb1789a54dd",
      "integrity": "sha512-IehjCe+wlda/B2noYmuWbs/H32Nyz/e8YsPsRupwtieWrYyM2pMdFyxf7s0RpzUZ2JFmsrJNJgpiE2sLsybBkg=="
    }
  }
}
